
Microsoft Visual Studio Solution File, Format Version 12.00
# Visual Studio Version 16
VisualStudioVersion = 16.0.29709.97
MinimumVisualStudioVersion = 10.0.40219.1
Project("{FAE04EC0-301F-11D3-BF4B-00C04F79EFBC}") = "xmlwinforms", "xmlwinforms\xmlwinforms.csproj", "{33A6F54B-4D62-4B53-85F9-7A4242552133}"
EndProject
Global
	GlobalSection(SolutionConfigurationPlatforms) = preSolution
		Debug|Any CPU = Debug|Any CPU
		Release|Any CPU = Release|Any CPU
	EndGlobalSection
	GlobalSection(ProjectConfigurationPlatforms) = postSolution
		{33A6F54B-4D62-4B53-85F9-7A4242552133}.Debug|Any CPU.ActiveCfg = Debug|Any CPU
		{33A6F54B-4D62-4B53-85F9-7A4242552133}.Debug|Any CPU.Build.0 = Debug|Any CPU
		{33A6F54B-4D62-4B53-85F9-7A4242552133}.Release|Any CPU.ActiveCfg = Release|Any CPU
		{33A6F54B-4D62-4B53-85F9-7A4242552133}.Release|Any CPU.Build.0 = Release|Any CPU
	EndGlobalSection
	GlobalSection(SolutionProperties) = preSolution
		HideSolutionNode = FALSE
	EndGlobalSection
	GlobalSection(ExtensibilityGlobals) = postSolution
		SolutionGuid = {4080AEFB-7432-4413-9511-EEE9579C8584}
	EndGlobalSection
EndGlobal
